// !$*UTF8*$!
{
	archiveVersion = 1;
	classes = {
	};
	objectVersion = 50;
	objects = {

/* Begin PBXBuildFile section */
		0D57D6B923254A5600B742C5 /* AppDelegate.swift in Sources */ = {isa = PBXBuildFile; fileRef = 0D57D6B823254A5600B742C5 /* AppDelegate.swift */; };
		0D57D6BE23254A5600B742C5 /* Main.storyboard in Resources */ = {isa = PBXBuildFile; fileRef = 0D57D6BC23254A5600B742C5 /* Main.storyboard */; };
		0D57D6C023254A5800B742C5 /* Assets.xcassets in Resources */ = {isa = PBXBuildFile; fileRef = 0D57D6BF23254A5800B742C5 /* Assets.xcassets */; };
		0D57D6C323254A5800B742C5 /* LaunchScreen.storyboard in Resources */ = {isa = PBXBuildFile; fileRef = 0D57D6C123254A5800B742C5 /* LaunchScreen.storyboard */; };
		0D57D6CD23254A8400B742C5 /* WeatherHomeController.swift in Sources */ = {isa = PBXBuildFile; fileRef = 0D57D6CC23254A8400B742C5 /* WeatherHomeController.swift */; };
		0D57D6D023254EE600B742C5 /* URLRequest+Extension.swift in Sources */ = {isa = PBXBuildFile; fileRef = 0D57D6CF23254EE600B742C5 /* URLRequest+Extension.swift */; };
		0D57D6D2232552B000B742C5 /* Weather.swift in Sources */ = {isa = PBXBuildFile; fileRef = 0D57D6D1232552B000B742C5 /* Weather.swift */; };
		8B25E5C915A93AE5025741F9 /* Pods_WeatherAPI_RxSwift.framework in Frameworks */ = {isa = PBXBuildFile; fileRef = 2C6B194DD9A5EDC774C246F7 /* Pods_WeatherAPI_RxSwift.framework */; };
/* End PBXBuildFile section */

/* Begin PBXFileReference section */
		0D57D6B523254A5600B742C5 /* WeatherAPI_RxSwift.app */ = {isa = PBXFileReference; explicitFileType = wrapper.application; includeInIndex = 0; path = WeatherAPI_RxSwift.app; sourceTree = BUILT_PRODUCTS_DIR; };
		0D57D6B823254A5600B742C5 /* AppDelegate.swift */ = {isa = PBXFileReference; lastKnownFileType = sourcecode.swift; path = AppDelegate.swift; sourceTree = "<group>"; };
		0D57D6BD23254A5600B742C5 /* Base */ = {isa = PBXFileReference; lastKnownFileType = file.storyboard; name = Base; path = Base.lproj/Main.storyboard; sourceTree = "<group>"; };
		0D57D6BF23254A5800B742C5 /* Assets.xcassets */ = {isa = PBXFileReference; lastKnownFileType = folder.assetcatalog; path = Assets.xcassets; sourceTree = "<group>"; };
		0D57D6C223254A5800B742C5 /* Base */ = {isa = PBXFileReference; lastKnownFileType = file.storyboard; name = Base; path = Base.lproj/LaunchScreen.storyboard; sourceTree = "<group>"; };
		0D57D6C423254A5800B742C5 /* Info.plist */ = {isa = PBXFileReference; lastKnownFileType = text.plist.xml; path = Info.plist; sourceTree = "<group>"; };
		0D57D6CC23254A8400B742C5 /* WeatherHomeController.swift */ = {isa = PBXFileReference; lastKnownFileType = sourcecode.swift; path = WeatherHomeController.swift; sourceTree = "<group>"; };
		0D57D6CF23254EE600B742C5 /* URLRequest+Extension.swift */ = {isa = PBXFileReference; lastKnownFileType = sourcecode.swift; path = "URLRequest+Extension.swift"; sourceTree = "<group>"; };
		0D57D6D1232552B000B742C5 /* Weather.swift */ = {isa = PBXFileReference; lastKnownFileType = sourcecode.swift; path = Weather.swift; sourceTree = "<group>"; };
		2C6B194DD9A5EDC774C246F7 /* Pods_WeatherAPI_RxSwift.framework */ = {isa = PBXFileReference; explicitFileType = wrapper.framework; includeInIndex = 0; path = Pods_WeatherAPI_RxSwift.framework; sourceTree = BUILT_PRODUCTS_DIR; };
		5FDC0BE6D7155858420C1FFF /* Pods-WeatherAPI_RxSwift.debug.xcconfig */ = {isa = PBXFileReference; includeInIndex = 1; lastKnownFileType = text.xcconfig; name = "Pods-WeatherAPI_RxSwift.debug.xcconfig"; path = "Pods/Target Support Files/Pods-WeatherAPI_RxSwift/Pods-WeatherAPI_RxSwift.debug.xcconfig"; sourceTree = "<group>"; };
		95E394D5779F51AA9C9AAF57 /* Pods-WeatherAPI_RxSwift.release.xcconfig */ = {isa = PBXFileReference; includeInIndex = 1; lastKnownFileType = text.xcconfig; name = "Pods-WeatherAPI_RxSwift.release.xcconfig"; path = "Pods/Target Support Files/Pods-WeatherAPI_RxSwift/Pods-WeatherAPI_RxSwift.release.xcconfig"; sourceTree = "<group>"; };
/* End PBXFileReference section */

/* Begin PBXFrameworksBuildPhase section */
		0D57D6B223254A5600B742C5 /* Frameworks */ = {
			isa = PBXFrameworksBuildPhase;
			buildActionMask = 2147483647;
			files = (
				8B25E5C915A93AE5025741F9 /* Pods_WeatherAPI_RxSwift.framework in Frameworks */,
			);
			runOnlyForDeploymentPostprocessing = 0;
		};
/* End PBXFrameworksBuildPhase section */

/* Begin PBXGroup section */
		0D57D6AC23254A5600B742C5 = {
			isa = PBXGroup;
			children = (
				0D57D6B723254A5600B742C5 /* WeatherAPI_RxSwift */,
				0D57D6B623254A5600B742C5 /* Products */,
				1D74F59C95673F661165CE62 /* Pods */,
				4284B314E7388F527F420873 /* Frameworks */,
			);
			sourceTree = "<group>";
		};
		0D57D6B623254A5600B742C5 /* Products */ = {
			isa = PBXGroup;
			children = (
				0D57D6B523254A5600B742C5 /* WeatherAPI_RxSwift.app */,
			);
			name = Products;
			sourceTree = "<group>";
		};
		0D57D6B723254A5600B742C5 /* WeatherAPI_RxSwift */ = {
			isa = PBXGroup;
			children = (
				0D57D6CE23254ECB00B742C5 /* URLRequest+Extension */,
				0D57D6CB23254A7100B742C5 /* Model */,
				0D57D6CA23254A6A00B742C5 /* Controller */,
				0D57D6B823254A5600B742C5 /* AppDelegate.swift */,
				0D57D6BC23254A5600B742C5 /* Main.storyboard */,
				0D57D6BF23254A5800B742C5 /* Assets.xcassets */,
				0D57D6C123254A5800B742C5 /* LaunchScreen.storyboard */,
				0D57D6C423254A5800B742C5 /* Info.plist */,
			);
			path = WeatherAPI_RxSwift;
			sourceTree = "<group>";
		};
		0D57D6CA23254A6A00B742C5 /* Controller */ = {
			isa = PBXGroup;
			children = (
				0D57D6CC23254A8400B742C5 /* WeatherHomeController.swift */,
			);
			path = Controller;
			sourceTree = "<group>";
		};
		0D57D6CB23254A7100B742C5 /* Model */ = {
			isa = PBXGroup;
			children = (
				0D57D6D1232552B000B742C5 /* Weather.swift */,
			);
			path = Model;
			sourceTree = "<group>";
		};
		0D57D6CE23254ECB00B742C5 /* URLRequest+Extension */ = {
			isa = PBXGroup;
			children = (
				0D57D6CF23254EE600B742C5 /* URLRequest+Extension.swift */,
			);
			path = "URLRequest+Extension";
			sourceTree = "<group>";
		};
		1D74F59C95673F661165CE62 /* Pods */ = {
			isa = PBXGroup;
			children = (
				5FDC0BE6D7155858420C1FFF /* Pods-WeatherAPI_RxSwift.debug.xcconfig */,
				95E394D5779F51AA9C9AAF57 /* Pods-WeatherAPI_RxSwift.release.xcconfig */,
			);
			name = Pods;
			sourceTree = "<group>";
		};
		4284B314E7388F527F420873 /* Frameworks */ = {
			isa = PBXGroup;
			children = (
				2C6B194DD9A5EDC774C246F7 /* Pods_WeatherAPI_RxSwift.framework */,
			);
			name = Frameworks;
			sourceTree = "<group>";
		};
/* End PBXGroup section */

/* Begin PBXNativeTarget section */
		0D57D6B423254A5600B742C5 /* WeatherAPI_RxSwift */ = {
			isa = PBXNativeTarget;
			buildConfigurationList = 0D57D6C723254A5800B742C5 /* Build configuration list for PBXNativeTarget "WeatherAPI_RxSwift" */;
			buildPhases = (
				223AB0767A10579C89D40CE7 /* [CP] Check Pods Manifest.lock */,
				0D57D6B123254A5600B742C5 /* Sources */,
				0D57D6B223254A5600B742C5 /* Frameworks */,
				0D57D6B323254A5600B742C5 /* Resources */,
				2A0E79E46A7833D85B0EAC2B /* [CP] Embed Pods Frameworks */,
			);
			buildRules = (
			);
			dependencies = (
			);
			name = WeatherAPI_RxSwift;
			productName = WeatherAPI_RxSwift;
			productReference = 0D57D6B523254A5600B742C5 /* WeatherAPI_RxSwift.app */;
			productType = "com.apple.product-type.application";
		};
/* End PBXNativeTarget section */

/* Begin PBXProject section */
		0D57D6AD23254A5600B742C5 /* Project object */ = {
			isa = PBXProject;
			attributes = {
				LastSwiftUpdateCheck = 1030;
				LastUpgradeCheck = 1030;
				ORGANIZATIONNAME = Srinivasan;
				TargetAttributes = {
					0D57D6B423254A5600B742C5 = {
						CreatedOnToolsVersion = 10.3;
					};
				};
			};
			buildConfigurationList = 0D57D6B023254A5600B742C5 /* Build configuration list for PBXProject "WeatherAPI_RxSwift" */;
			compatibilityVersion = "Xcode 9.3";
			developmentRegion = en;
			hasScannedForEncodings = 0;
			knownRegions = (
				en,
				Base,
			);
			mainGroup = 0D57D6AC23254A5600B742C5;
			productRefGroup = 0D57D6B623254A5600B742C5 /* Products */;
			projectDirPath = "";
			projectRoot = "";
			targets = (
				0D57D6B423254A5600B742C5 /* WeatherAPI_RxSwift */,
			);
		};
/* End PBXProject section */

/* Begin PBXResourcesBuildPhase section */
		0D57D6B323254A5600B742C5 /* Resources */ = {
			isa = PBXResourcesBuildPhase;
			buildActionMask = 2147483647;
			files = (
				0D57D6C323254A5800B742C5 /* LaunchScreen.storyboard in Resources */,
				0D57D6C023254A5800B742C5 /* Assets.xcassets in Resources */,
				0D57D6BE23254A5600B742C5 /* Main.storyboard in Resources */,
			);
			runOnlyForDeploymentPostprocessing = 0;
		};
/* End PBXResourcesBuildPhase section */

/* Begin PBXShellScriptBuildPhase section */
		223AB0767A10579C89D40CE7 /* [CP] Check Pods Manifest.lock */ = {
			isa = PBXShellScriptBuildPhase;
			buildActionMask = 2147483647;
			files = (
			);
			inputFileListPaths = (
			);
			inputPaths = (
				"${PODS_PODFILE_DIR_PATH}/Podfile.lock",
				"${PODS_ROOT}/Manifest.lock",
			);
			name = "[CP] Check Pods Manifest.lock";
			outputFileListPaths = (
			);
			outputPaths = (
				"$(DERIVED_FILE_DIR)/Pods-WeatherAPI_RxSwift-checkManifestLockResult.txt",
			);
			runOnlyForDeploymentPostprocessing = 0;
			shellPath = /bin/sh;
			shellScript = "diff \"${PODS_PODFILE_DIR_PATH}/Podfile.lock\" \"${PODS_ROOT}/Manifest.lock\" > /dev/null\nif [ $? != 0 ] ; then\n    # print error to STDERR\n    echo \"error: The sandbox is not in sync with the Podfile.lock. Run 'pod install' or update your CocoaPods installation.\" >&2\n    exit 1\nfi\n# This output is used by Xcode 'outputs' to avoid re-running this script phase.\necho \"SUCCESS\" > \"${SCRIPT_OUTPUT_FILE_0}\"\n";
			showEnvVarsInLog = 0;
		};
		2A0E79E46A7833D85B0EAC2B /* [CP] Embed Pods Frameworks */ = {
			isa = PBXShellScriptBuildPhase;
			buildActionMask = 2147483647;
			files = (
			);
			inputFileListPaths = (
			);
			inputPaths = (
				"${SRCROOT}/Pods/Target Support Files/Pods-WeatherAPI_RxSwift/Pods-WeatherAPI_RxSwift-frameworks.sh",
				"${BUILT_PRODUCTS_DIR}/RxCocoa/RxCocoa.framework",
				"${BUILT_PRODUCTS_DIR}/RxSwift/RxSwift.framework",
			);
			name = "[CP] Embed Pods Frameworks";
			outputFileListPaths = (
			);
			outputPaths = (
				"${TARGET_BUILD_DIR}/${FRAMEWORKS_FOLDER_PATH}/RxCocoa.framework",
				"${TARGET_BUILD_DIR}/${FRAMEWORKS_FOLDER_PATH}/RxSwift.framework",
			);
			runOnlyForDeploymentPostprocessing = 0;
			shellPath = /bin/sh;
			shellScript = "\"${SRCROOT}/Pods/Target Support Files/Pods-WeatherAPI_RxSwift/Pods-WeatherAPI_RxSwift-frameworks.sh\"\n";
			showEnvVarsInLog = 0;
		};
/* End PBXShellScriptBuildPhase section */

/* Begin PBXSourcesBuildPhase section */
		0D57D6B123254A5600B742C5 /* Sources */ = {
			isa = PBXSourcesBuildPhase;
			buildActionMask = 2147483647;
			files = (
				0D57D6D2232552B000B742C5 /* Weather.swift in Sources */,
				0D57D6B923254A5600B742C5 /* AppDelegate.swift in Sources */,
				0D57D6D023254EE600B742C5 /* URLRequest+Extension.swift in Sources */,
				0D57D6CD23254A8400B742C5 /* WeatherHomeController.swift in Sources */,
			);
			runOnlyForDeploymentPostprocessing = 0;
		};
/* End PBXSourcesBuildPhase section */

/* Begin PBXVariantGroup section */
		0D57D6BC23254A5600B742C5 /* Main.storyboard */ = {
			isa = PBXVariantGroup;
			children = (
				0D57D6BD23254A5600B742C5 /* Base */,
			);
			name = Main.storyboard;
			sourceTree = "<group>";
		};
		0D57D6C123254A5800B742C5 /* LaunchScreen.storyboard */ = {
			isa = PBXVariantGroup;
			children = (
				0D57D6C223254A5800B742C5 /* Base */,
			);
			name = LaunchScreen.storyboard;
			sourceTree = "<group>";
		};
/* End PBXVariantGroup section */

/* Begin XCBuildConfiguration section */
		0D57D6C523254A5800B742C5 /* Debug */ = {
			isa = XCBuildConfiguration;
			buildSettings = {
				ALWAYS_SEARCH_USER_PATHS = NO;
				CLANG_ANALYZER_NONNULL = YES;
				CLANG_ANALYZER_NUMBER_OBJECT_CONVERSION = YES_AGGRESSIVE;
				CLANG_CXX_LANGUAGE_STANDARD = "gnu++14";
				CLANG_CXX_LIBRARY = "libc++";
				CLANG_ENABLE_MODULES = YES;
				CLANG_ENABLE_OBJC_ARC = YES;
				CLANG_ENABLE_OBJC_WEAK = YES;
				CLANG_WARN_BLOCK_CAPTURE_AUTORELEASING = YES;
				CLANG_WARN_BOOL_CONVERSION = YES;
				CLANG_WARN_COMMA = YES;
				CLANG_WARN_CONSTANT_CONVERSION = YES;
				CLANG_WARN_DEPRECATED_OBJC_IMPLEMENTATIONS = YES;
				CLANG_WARN_DIRECT_OBJC_ISA_USAGE = YES_ERROR;
				CLANG_WARN_DOCUMENTATION_COMMENTS = YES;
				CLANG_WARN_EMPTY_BODY = YES;
				CLANG_WARN_ENUM_CONVERSION = YES;
				CLANG_WARN_INFINITE_RECURSION = YES;
				CLANG_WARN_INT_CONVERSION = YES;
				CLANG_WARN_NON_LITERAL_NULL_CONVERSION = YES;
				CLANG_WARN_OBJC_IMPLICIT_RETAIN_SELF = YES;
				CLANG_WARN_OBJC_LITERAL_CONVERSION = YES;
				CLANG_WARN_OBJC_ROOT_CLASS = YES_ERROR;
				CLANG_WARN_RANGE_LOOP_ANALYSIS = YES;
				CLANG_WARN_STRICT_PROTOTYPES = YES;
				CLANG_WARN_SUSPICIOUS_MOVE = YES;
				CLANG_WARN_UNGUARDED_AVAILABILITY = YES_AGGRESSIVE;
				CLANG_WARN_UNREACHABLE_CODE = YES;
				CLANG_WARN__DUPLICATE_METHOD_MATCH = YES;
				CODE_SIGN_IDENTITY = "iPhone Developer";
				COPY_PHASE_STRIP = NO;
				DEBUG_INFORMATION_FORMAT = dwarf;
				ENABLE_STRICT_OBJC_MSGSEND = YES;
				ENABLE_TESTABILITY = YES;
				GCC_C_LANGUAGE_STANDARD = gnu11;
				GCC_DYNAMIC_NO_PIC = NO;
				GCC_NO_COMMON_BLOCKS = YES;
				GCC_OPTIMIZATION_LEVEL = 0;
				GCC_PREPROCESSOR_DEFINITIONS = (
					"DEBUG=1",
					"$(inherited)",
				);
				GCC_WARN_64_TO_32_BIT_CONVERSION = YES;
				GCC_WARN_ABOUT_RETURN_TYPE = YES_ERROR;
				GCC_WARN_UNDECLARED_SELECTOR = YES;
				GCC_WARN_UNINITIALIZED_AUTOS = YES_AGGRESSIVE;
				GCC_WARN_UNUSED_FUNCTION = YES;
				GCC_WARN_UNUSED_VARIABLE = YES;
				IPHONEOS_DEPLOYMENT_TARGET = 12.4;
				MTL_ENABLE_DEBUG_INFO = INCLUDE_SOURCE;
				MTL_FAST_MATH = YES;
				ONLY_ACTIVE_ARCH = YES;
				SDKROOT = iphoneos;
				SWIFT_ACTIVE_COMPILATION_CONDITIONS = DEBUG;
				SWIFT_OPTIMIZATION_LEVEL = "-Onone";
			};
			name = Debug;
		};
		0D57D6C623254A5800B742C5 /* Release */ = {
			isa = XCBuildConfiguration;
			buildSettings = {
				ALWAYS_SEARCH_USER_PATHS = NO;
				CLANG_ANALYZER_NONNULL = YES;
				CLANG_ANALYZER_NUMBER_OBJECT_CONVERSION = YES_AGGRESSIVE;
				CLANG_CXX_LANGUAGE_STANDARD = "gnu++14";
				CLANG_CXX_LIBRARY = "libc++";
				CLANG_ENABLE_MODULES = YES;
				CLANG_ENABLE_OBJC_ARC = YES;
				CLANG_ENABLE_OBJC_WEAK = YES;
				CLANG_WARN_BLOCK_CAPTURE_AUTORELEASING = YES;
				CLANG_WARN_BOOL_CONVERSION = YES;
				CLANG_WARN_COMMA = YES;
				CLANG_WARN_CONSTANT_CONVERSION = YES;
				CLANG_WARN_DEPRECATED_OBJC_IMPLEMENTATIONS = YES;
				CLANG_WARN_DIRECT_OBJC_ISA_USAGE = YES_ERROR;
				CLANG_WARN_DOCUMENTATION_COMMENTS = YES;
				CLANG_WARN_EMPTY_BODY = YES;
				CLANG_WARN_ENUM_CONVERSION = YES;
				CLANG_WARN_INFINITE_RECURSION = YES;
				CLANG_WARN_INT_CONVERSION = YES;
				CLANG_WARN_NON_LITERAL_NULL_CONVERSION = YES;
				CLANG_WARN_OBJC_IMPLICIT_RETAIN_SELF = YES;
				CLANG_WARN_OBJC_LITERAL_CONVERSION = YES;
				CLANG_WARN_OBJC_ROOT_CLASS = YES_ERROR;
				CLANG_WARN_RANGE_LOOP_ANALYSIS = YES;
				CLANG_WARN_STRICT_PROTOTYPES = YES;
				CLANG_WARN_SUSPICIOUS_MOVE = YES;
				CLANG_WARN_UNGUARDED_AVAILABILITY = YES_AGGRESSIVE;
				CLANG_WARN_UNREACHABLE_CODE = YES;
				CLANG_WARN__DUPLICATE_METHOD_MATCH = YES;
				CODE_SIGN_IDENTITY = "iPhone Developer";
				COPY_PHASE_STRIP = NO;
				DEBUG_INFORMATION_FORMAT = "dwarf-with-dsym";
				ENABLE_NS_ASSERTIONS = NO;
				ENABLE_STRICT_OBJC_MSGSEND = YES;
				GCC_C_LANGUAGE_STANDARD = gnu11;
				GCC_NO_COMMON_BLOCKS = YES;
				GCC_WARN_64_TO_32_BIT_CONVERSION = YES;
				GCC_WARN_ABOUT_RETURN_TYPE = YES_ERROR;
				GCC_WARN_UNDECLARED_SELECTOR = YES;
				GCC_WARN_UNINITIALIZED_AUTOS = YES_AGGRESSIVE;
				GCC_WARN_UNUSED_FUNCTION = YES;
				GCC_WARN_UNUSED_VARIABLE = YES;
				IPHONEOS_DEPLOYMENT_TARGET = 12.4;
				MTL_ENABLE_DEBUG_INFO = NO;
				MTL_FAST_MATH = YES;
				SDKROOT = iphoneos;
				SWIFT_COMPILATION_MODE = wholemodule;
				SWIFT_OPTIMIZATION_LEVEL = "-O";
				VALIDATE_PRODUCT = YES;
			};
			name = Release;
		};
		0D57D6C823254A5800B742C5 /* Debug */ = {
			isa = XCBuildConfiguration;
			baseConfigurationReference = 5FDC0BE6D7155858420C1FFF /* Pods-WeatherAPI_RxSwift.debug.xcconfig */;
			buildSettings = {
				ASSETCATALOG_COMPILER_APPICON_NAME = AppIcon;
				CODE_SIGN_STYLE = Automatic;
				DEVELOPMENT_TEAM = RJT3KD4K89;
				INFOPLIST_FILE = WeatherAPI_RxSwift/Info.plist;
				LD_RUNPATH_SEARCH_PATHS = (
					"$(inherited)",
					"@executable_path/Frameworks",
				);
				PRODUCT_BUNDLE_IDENTIFIER = "srini.WeatherAPI-RxSwift";
				PRODUCT_NAME = "$(TARGET_NAME)";
				SWIFT_VERSION = 5.0;
				TARGETED_DEVICE_FAMILY = "1,2";
			};
			name = Debug;
		};
		0D57D6C923254A5800B742C5 /* Release */ = {
			isa = XCBuildConfiguration;
			baseConfigurationReference = 95E394D5779F51AA9C9AAF57 /* Pods-WeatherAPI_RxSwift.release.xcconfig */;
			buildSettings = {
				ASSETCATALOG_COMPILER_APPICON_NAME = AppIcon;
				CODE_SIGN_STYLE = Automatic;
				DEVELOPMENT_TEAM = RJT3KD4K89;
				INFOPLIST_FILE = WeatherAPI_RxSwift/Info.plist;
				LD_RUNPATH_SEARCH_PATHS = (
					"$(inherited)",
					"@executable_path/Frameworks",
				);
				PRODUCT_BUNDLE_IDENTIFIER = "srini.WeatherAPI-RxSwift";
				PRODUCT_NAME = "$(TARGET_NAME)";
				SWIFT_VERSION = 5.0;
				TARGETED_DEVICE_FAMILY = "1,2";
			};
			name = Release;
		};
/* End XCBuildConfiguration section */

/* Begin XCConfigurationList section */
		0D57D6B023254A5600B742C5 /* Build configuration list for PBXProject "WeatherAPI_RxSwift" */ = {
			isa = XCConfigurationList;
			buildConfigurations = (
				0D57D6C523254A5800B742C5 /* Debug */,
				0D57D6C623254A5800B742C5 /* Release */,
			);
			defaultConfigurationIsVisible = 0;
			defaultConfigurationName = Release;
		};
		0D57D6C723254A5800B742C5 /* Build configuration list for PBXNativeTarget "WeatherAPI_RxSwift" */ = {
			isa = XCConfigurationList;
			buildConfigurations = (
				0D57D6C823254A5800B742C5 /* Debug */,
				0D57D6C923254A5800B742C5 /* Release */,
			);
			defaultConfigurationIsVisible = 0;
			defaultConfigurationName = Release;
		};
/* End XCConfigurationList section */
	};
	rootObject = 0D57D6AD23254A5600B742C5 /* Project object */;
}
